Microsoft Visual Studio Solution File, Format Version 8.00
Project("{8BC9CEB8-8B4A-11D0-8D11-00A0C91BC942}") = "modern_b_u", "mwclist_u.vcproj", "{AA9C9DE3-E716-4820-A6B3-8559C86E0B8D}"
	ProjectSection(ProjectDependencies) = postProject
	EndProjectSection
EndProject
Project("{8BC9CEB8-8B4A-11D0-8D11-00A0C91BC942}") = "modern_b_a", "mwclist_a.vcproj", "{AA9C9DE3-E716-4820-A6B3-8559C86E0B8D}"
	ProjectSection(ProjectDependencies) = postProject
	EndProjectSection
EndProject
Global
	GlobalSection(DPCodeReviewSolutionGUID) = preSolution
		DPCodeReviewSolutionGUID = {00000000-0000-0000-0000-000000000000}
	EndGlobalSection
	GlobalSection(SolutionConfiguration) = preSolution
		Debug = Debug
		Debug in Main = Debug in Main
		debug UNICODE = debug UNICODE
		Release = Release
		Release in Main = Release in Main
		Release2 = Release2
		ReleaseInMain = ReleaseInMain
	EndGlobalSection
	GlobalSection(ProjectConfiguration) = postSolution
		{AA9C9DE3-E716-4820-A6B3-8559C86E0B8D}.Debug.ActiveCfg = Debug|Win32
		{AA9C9DE3-E716-4820-A6B3-8559C86E0B8D}.Debug.Build.0 = Debug|Win32
		{AA9C9DE3-E716-4820-A6B3-8559C86E0B8D}.Debug in Main.ActiveCfg = Debug in Main|Win32
		{AA9C9DE3-E716-4820-A6B3-8559C86E0B8D}.Debug in Main.Build.0 = Debug in Main|Win32
		{AA9C9DE3-E716-4820-A6B3-8559C86E0B8D}.debug UNICODE.ActiveCfg = debug UNICODE|Win32
		{AA9C9DE3-E716-4820-A6B3-8559C86E0B8D}.debug UNICODE.Build.0 = debug UNICODE|Win32
		{AA9C9DE3-E716-4820-A6B3-8559C86E0B8D}.Release.ActiveCfg = Release|Win32
		{AA9C9DE3-E716-4820-A6B3-8559C86E0B8D}.Release.Build.0 = Release|Win32
		{AA9C9DE3-E716-4820-A6B3-8559C86E0B8D}.Release in Main.ActiveCfg = Release in Main|Win32
		{AA9C9DE3-E716-4820-A6B3-8559C86E0B8D}.Release in Main.Build.0 = Release in Main|Win32
		{AA9C9DE3-E716-4820-A6B3-8559C86E0B8D}.Release2.ActiveCfg = Release2|Win32
		{AA9C9DE3-E716-4820-A6B3-8559C86E0B8D}.Release2.Build.0 = Release2|Win32
		{AA9C9DE3-E716-4820-A6B3-8559C86E0B8D}.ReleaseInMain.ActiveCfg = ReleaseInMain|Win32
		{AA9C9DE3-E716-4820-A6B3-8559C86E0B8D}.ReleaseInMain.Build.0 = ReleaseInMain|Win32
		{AA9C9DE3-E716-4820-A6B3-8559C86E0B8D}.Debug.ActiveCfg = Debug|Win32
		{AA9C9DE3-E716-4820-A6B3-8559C86E0B8D}.Debug.Build.0 = Debug|Win32
		{AA9C9DE3-E716-4820-A6B3-8559C86E0B8D}.Debug in Main.ActiveCfg = Debug in Main|Win32
		{AA9C9DE3-E716-4820-A6B3-8559C86E0B8D}.Debug in Main.Build.0 = Debug in Main|Win32
		{AA9C9DE3-E716-4820-A6B3-8559C86E0B8D}.debug UNICODE.ActiveCfg = debug UNICODE|Win32
		{AA9C9DE3-E716-4820-A6B3-8559C86E0B8D}.debug UNICODE.Build.0 = debug UNICODE|Win32
		{AA9C9DE3-E716-4820-A6B3-8559C86E0B8D}.Release.ActiveCfg = Release|Win32
		{AA9C9DE3-E716-4820-A6B3-8559C86E0B8D}.Release.Build.0 = Release|Win32
		{AA9C9DE3-E716-4820-A6B3-8559C86E0B8D}.Release in Main.ActiveCfg = Release in Main|Win32
		{AA9C9DE3-E716-4820-A6B3-8559C86E0B8D}.Release in Main.Build.0 = Release in Main|Win32
		{AA9C9DE3-E716-4820-A6B3-8559C86E0B8D}.Release2.ActiveCfg = Release2|Win32
		{AA9C9DE3-E716-4820-A6B3-8559C86E0B8D}.Release2.Build.0 = Release2|Win32
		{AA9C9DE3-E716-4820-A6B3-8559C86E0B8D}.ReleaseInMain.ActiveCfg = ReleaseInMain|Win32
		{AA9C9DE3-E716-4820-A6B3-8559C86E0B8D}.ReleaseInMain.Build.0 = ReleaseInMain|Win32
	EndGlobalSection
	GlobalSection(ExtensibilityGlobals) = postSolution
	EndGlobalSection
	GlobalSection(ExtensibilityAddIns) = postSolution
	EndGlobalSection
EndGlobal
